
Microsoft Visual Studio Solution File, Format Version 12.00
# Visual Studio Version 17
VisualStudioVersion = 17.0.31903.59
MinimumVisualStudioVersion = 10.0.40219.1
Project("{9A19103F-16F7-4668-BE54-9A1E7A4F7556}") = "CandidateAPI.Core", "CandidateAPI.Core\CandidateAPI.Core.csproj", "{CA95A6F7-CAAB-4AD0-8798-1FFC56169346}"
EndProject
Project("{9A19103F-16F7-4668-BE54-9A1E7A4F7556}") = "CandidateAPI.Application", "CandidateAPI.Application\CandidateAPI.Application.csproj", "{87FB68AD-D5E2-4630-ADF5-155B59286DA1}"
EndProject
Project("{9A19103F-16F7-4668-BE54-9A1E7A4F7556}") = "CandidateAPI.Infrastructure", "CandidateAPI.Infrastructure\CandidateAPI.Infrastructure.csproj", "{E5C56DDD-4034-4761-B7EF-1FDB0422893B}"
EndProject
Project("{9A19103F-16F7-4668-BE54-9A1E7A4F7556}") = "CandidateAPI.Web", "CandidateAPI.Web\CandidateAPI.Web.csproj", "{05E1FB2F-014D-4CF1-8704-EB60B6F47296}"
EndProject
Project("{9A19103F-16F7-4668-BE54-9A1E7A4F7556}") = "CandidateAPI.Test", "CandidateAPI.Test\CandidateAPI.Test.csproj", "{DFB5ACB0-4F9B-462D-8647-C346317506E8}"
EndProject
Project("{2150E333-8FDC-42A3-9474-1A3956D46DE8}") = "Test", "Test", "{EDA6D5FA-D80C-4C99-84D9-E523C0BD2BF5}"
EndProject
Project("{2150E333-8FDC-42A3-9474-1A3956D46DE8}") = "src", "src", "{BCFEEDC2-F445-407B-BBE4-05D0C8573B47}"
EndProject
Global
	GlobalSection(SolutionConfigurationPlatforms) = preSolution
		Debug|Any CPU = Debug|Any CPU
		Release|Any CPU = Release|Any CPU
	EndGlobalSection
	GlobalSection(ProjectConfigurationPlatforms) = postSolution
		{CA95A6F7-CAAB-4AD0-8798-1FFC56169346}.Debug|Any CPU.ActiveCfg = Debug|Any CPU
		{CA95A6F7-CAAB-4AD0-8798-1FFC56169346}.Debug|Any CPU.Build.0 = Debug|Any CPU
		{CA95A6F7-CAAB-4AD0-8798-1FFC56169346}.Release|Any CPU.ActiveCfg = Release|Any CPU
		{CA95A6F7-CAAB-4AD0-8798-1FFC56169346}.Release|Any CPU.Build.0 = Release|Any CPU
		{87FB68AD-D5E2-4630-ADF5-155B59286DA1}.Debug|Any CPU.ActiveCfg = Debug|Any CPU
		{87FB68AD-D5E2-4630-ADF5-155B59286DA1}.Debug|Any CPU.Build.0 = Debug|Any CPU
		{87FB68AD-D5E2-4630-ADF5-155B59286DA1}.Release|Any CPU.ActiveCfg = Release|Any CPU
		{87FB68AD-D5E2-4630-ADF5-155B59286DA1}.Release|Any CPU.Build.0 = Release|Any CPU
		{E5C56DDD-4034-4761-B7EF-1FDB0422893B}.Debug|Any CPU.ActiveCfg = Debug|Any CPU
		{E5C56DDD-4034-4761-B7EF-1FDB0422893B}.Debug|Any CPU.Build.0 = Debug|Any CPU
		{E5C56DDD-4034-4761-B7EF-1FDB0422893B}.Release|Any CPU.ActiveCfg = Release|Any CPU
		{E5C56DDD-4034-4761-B7EF-1FDB0422893B}.Release|Any CPU.Build.0 = Release|Any CPU
		{05E1FB2F-014D-4CF1-8704-EB60B6F47296}.Debug|Any CPU.ActiveCfg = Debug|Any CPU
		{05E1FB2F-014D-4CF1-8704-EB60B6F47296}.Debug|Any CPU.Build.0 = Debug|Any CPU
		{05E1FB2F-014D-4CF1-8704-EB60B6F47296}.Release|Any CPU.ActiveCfg = Release|Any CPU
		{05E1FB2F-014D-4CF1-8704-EB60B6F47296}.Release|Any CPU.Build.0 = Release|Any CPU
		{DFB5ACB0-4F9B-462D-8647-C346317506E8}.Debug|Any CPU.ActiveCfg = Debug|Any CPU
		{DFB5ACB0-4F9B-462D-8647-C346317506E8}.Debug|Any CPU.Build.0 = Debug|Any CPU
		{DFB5ACB0-4F9B-462D-8647-C346317506E8}.Release|Any CPU.ActiveCfg = Release|Any CPU
		{DFB5ACB0-4F9B-462D-8647-C346317506E8}.Release|Any CPU.Build.0 = Release|Any CPU
	EndGlobalSection
	GlobalSection(SolutionProperties) = preSolution
		HideSolutionNode = FALSE
	EndGlobalSection
	GlobalSection(NestedProjects) = preSolution
		{CA95A6F7-CAAB-4AD0-8798-1FFC56169346} = {BCFEEDC2-F445-407B-BBE4-05D0C8573B47}
		{87FB68AD-D5E2-4630-ADF5-155B59286DA1} = {BCFEEDC2-F445-407B-BBE4-05D0C8573B47}
		{E5C56DDD-4034-4761-B7EF-1FDB0422893B} = {BCFEEDC2-F445-407B-BBE4-05D0C8573B47}
		{05E1FB2F-014D-4CF1-8704-EB60B6F47296} = {BCFEEDC2-F445-407B-BBE4-05D0C8573B47}
		{DFB5ACB0-4F9B-462D-8647-C346317506E8} = {EDA6D5FA-D80C-4C99-84D9-E523C0BD2BF5}
	EndGlobalSection
	GlobalSection(ExtensibilityGlobals) = postSolution
		SolutionGuid = {87921FC8-4C6C-41C4-809D-85CA4487773A}
	EndGlobalSection
EndGlobal
